// !$*UTF8*$!
{
	archiveVersion = 1;
	classes = {
	};
	objectVersion = 50;
	objects = {

/* Begin PBXBuildFile section */
		F196217F20C6E5480006D880 /* AppDelegate.swift in Sources */ = {isa = PBXBuildFile; fileRef = F196217E20C6E5480006D880 /* AppDelegate.swift */; };
		F196218120C6E5480006D880 /* ViewController.swift in Sources */ = {isa = PBXBuildFile; fileRef = F196218020C6E5480006D880 /* ViewController.swift */; };
		F196218420C6E5480006D880 /* Main.storyboard in Resources */ = {isa = PBXBuildFile; fileRef = F196218220C6E5480006D880 /* Main.storyboard */; };
		F196218720C6E5480006D880 /* guitar_repair.xcdatamodeld in Sources */ = {isa = PBXBuildFile; fileRef = F196218520C6E5480006D880 /* guitar_repair.xcdatamodeld */; };
		F196218920C6E54A0006D880 /* Assets.xcassets in Resources */ = {isa = PBXBuildFile; fileRef = F196218820C6E54A0006D880 /* Assets.xcassets */; };
		F196218C20C6E54A0006D880 /* LaunchScreen.storyboard in Resources */ = {isa = PBXBuildFile; fileRef = F196218A20C6E54A0006D880 /* LaunchScreen.storyboard */; };
/* End PBXBuildFile section */

/* Begin PBXFileReference section */
		F196217B20C6E5480006D880 /* guitar-repair.app */ = {isa = PBXFileReference; explicitFileType = wrapper.application; includeInIndex = 0; path = "guitar-repair.app"; sourceTree = BUILT_PRODUCTS_DIR; };
		F196217E20C6E5480006D880 /* AppDelegate.swift */ = {isa = PBXFileReference; lastKnownFileType = sourcecode.swift; path = AppDelegate.swift; sourceTree = "<group>"; };
		F196218020C6E5480006D880 /* ViewController.swift */ = {isa = PBXFileReference; lastKnownFileType = sourcecode.swift; path = ViewController.swift; sourceTree = "<group>"; };
		F196218320C6E5480006D880 /* Base */ = {isa = PBXFileReference; lastKnownFileType = file.storyboard; name = Base; path = Base.lproj/Main.storyboard; sourceTree = "<group>"; };
		F196218620C6E5480006D880 /* guitar_repair.xcdatamodel */ = {isa = PBXFileReference; lastKnownFileType = wrapper.xcdatamodel; path = guitar_repair.xcdatamodel; sourceTree = "<group>"; };
		F196218820C6E54A0006D880 /* Assets.xcassets */ = {isa = PBXFileReference; lastKnownFileType = folder.assetcatalog; path = Assets.xcassets; sourceTree = "<group>"; };
		F196218B20C6E54A0006D880 /* Base */ = {isa = PBXFileReference; lastKnownFileType = file.storyboard; name = Base; path = Base.lproj/LaunchScreen.storyboard; sourceTree = "<group>"; };
		F196218D20C6E54A0006D880 /* Info.plist */ = {isa = PBXFileReference; lastKnownFileType = text.plist.xml; path = Info.plist; sourceTree = "<group>"; };
/* End PBXFileReference section */

/* Begin PBXFrameworksBuildPhase section */
		F196217820C6E5480006D880 /* Frameworks */ = {
			isa = PBXFrameworksBuildPhase;
			buildActionMask = 2147483647;
			files = (
			);
			runOnlyForDeploymentPostprocessing = 0;
		};
/* End PBXFrameworksBuildPhase section */

/* Begin PBXGroup section */
		F196217220C6E5480006D880 = {
			isa = PBXGroup;
			children = (
				F196217D20C6E5480006D880 /* guitar-repair */,
				F196217C20C6E5480006D880 /* Products */,
			);
			sourceTree = "<group>";
		};
		F196217C20C6E5480006D880 /* Products */ = {
			isa = PBXGroup;
			children = (
				F196217B20C6E5480006D880 /* guitar-repair.app */,
			);
			name = Products;
			sourceTree = "<group>";
		};
		F196217D20C6E5480006D880 /* guitar-repair */ = {
			isa = PBXGroup;
			children = (
				F196217E20C6E5480006D880 /* AppDelegate.swift */,
				F196218020C6E5480006D880 /* ViewController.swift */,
				F196218220C6E5480006D880 /* Main.storyboard */,
				F196218820C6E54A0006D880 /* Assets.xcassets */,
				F196218A20C6E54A0006D880 /* LaunchScreen.storyboard */,
				F196218D20C6E54A0006D880 /* Info.plist */,
				F196218520C6E5480006D880 /* guitar_repair.xcdatamodeld */,
			);
			path = "guitar-repair";
			sourceTree = "<group>";
		};
/* End PBXGroup section */

/* Begin PBXNativeTarget section */
		F196217A20C6E5480006D880 /* guitar-repair */ = {
			isa = PBXNativeTarget;
			buildConfigurationList = F196219020C6E54A0006D880 /* Build configuration list for PBXNativeTarget "guitar-repair" */;
			buildPhases = (
				F196217720C6E5480006D880 /* Sources */,
				F196217820C6E5480006D880 /* Frameworks */,
				F196217920C6E5480006D880 /* Resources */,
			);
			buildRules = (
			);
			dependencies = (
			);
			name = "guitar-repair";
			productName = "guitar-repair";
			productReference = F196217B20C6E5480006D880 /* guitar-repair.app */;
			productType = "com.apple.product-type.application";
		};
/* End PBXNativeTarget section */

/* Begin PBXProject section */
		F196217320C6E5480006D880 /* Project object */ = {
			isa = PBXProject;
			attributes = {
				LastSwiftUpdateCheck = 0940;
				LastUpgradeCheck = 0940;
				ORGANIZATIONNAME = "steven freed";
				TargetAttributes = {
					F196217A20C6E5480006D880 = {
						CreatedOnToolsVersion = 9.4;
					};
				};
			};
			buildConfigurationList = F196217620C6E5480006D880 /* Build configuration list for PBXProject "guitar-repair" */;
			compatibilityVersion = "Xcode 9.3";
			developmentRegion = en;
			hasScannedForEncodings = 0;
			knownRegions = (
				en,
				Base,
			);
			mainGroup = F196217220C6E5480006D880;
			productRefGroup = F196217C20C6E5480006D880 /* Products */;
			projectDirPath = "";
			projectRoot = "";
			targets = (
				F196217A20C6E5480006D880 /* guitar-repair */,
			);
		};
/* End PBXProject section */

/* Begin PBXResourcesBuildPhase section */
		F196217920C6E5480006D880 /* Resources */ = {
			isa = PBXResourcesBuildPhase;
			buildActionMask = 2147483647;
			files = (
				F196218C20C6E54A0006D880 /* LaunchScreen.storyboard in Resources */,
				F196218920C6E54A0006D880 /* Assets.xcassets in Resources */,
				F196218420C6E5480006D880 /* Main.storyboard in Resources */,
			);
			runOnlyForDeploymentPostprocessing = 0;
		};
/* End PBXResourcesBuildPhase section */

/* Begin PBXSourcesBuildPhase section */
		F196217720C6E5480006D880 /* Sources */ = {
			isa = PBXSourcesBuildPhase;
			buildActionMask = 2147483647;
			files = (
				F196218120C6E5480006D880 /* ViewController.swift in Sources */,
				F196217F20C6E5480006D880 /* AppDelegate.swift in Sources */,
				F196218720C6E5480006D880 /* guitar_repair.xcdatamodeld in Sources */,
			);
			runOnlyForDeploymentPostprocessing = 0;
		};
/* End PBXSourcesBuildPhase section */

/* Begin PBXVariantGroup section */
		F196218220C6E5480006D880 /* Main.storyboard */ = {
			isa = PBXVariantGroup;
			children = (
				F196218320C6E5480006D880 /* Base */,
			);
			name = Main.storyboard;
			sourceTree = "<group>";
		};
		F196218A20C6E54A0006D880 /* LaunchScreen.storyboard */ = {
			isa = PBXVariantGroup;
			children = (
				F196218B20C6E54A0006D880 /* Base */,
			);
			name = LaunchScreen.storyboard;
			sourceTree = "<group>";
		};
/* End PBXVariantGroup section */

/* Begin XCBuildConfiguration section */
		F196218E20C6E54A0006D880 /* Debug */ = {
			isa = XCBuildConfiguration;
			buildSettings = {
				ALWAYS_SEARCH_USER_PATHS = NO;
				CLANG_ANALYZER_NONNULL = YES;
				CLANG_ANALYZER_NUMBER_OBJECT_CONVERSION = YES_AGGRESSIVE;
				CLANG_CXX_LANGUAGE_STANDARD = "gnu++14";
				CLANG_CXX_LIBRARY = "libc++";
				CLANG_ENABLE_MODULES = YES;
				CLANG_ENABLE_OBJC_ARC = YES;
				CLANG_ENABLE_OBJC_WEAK = YES;
				CLANG_WARN_BLOCK_CAPTURE_AUTORELEASING = YES;
				CLANG_WARN_BOOL_CONVERSION = YES;
				CLANG_WARN_COMMA = YES;
				CLANG_WARN_CONSTANT_CONVERSION = YES;
				CLANG_WARN_DEPRECATED_OBJC_IMPLEMENTATIONS = YES;
				CLANG_WARN_DIRECT_OBJC_ISA_USAGE = YES_ERROR;
				CLANG_WARN_DOCUMENTATION_COMMENTS = YES;
				CLANG_WARN_EMPTY_BODY = YES;
				CLANG_WARN_ENUM_CONVERSION = YES;
				CLANG_WARN_INFINITE_RECURSION = YES;
				CLANG_WARN_INT_CONVERSION = YES;
				CLANG_WARN_NON_LITERAL_NULL_CONVERSION = YES;
				CLANG_WARN_OBJC_IMPLICIT_RETAIN_SELF = YES;
				CLANG_WARN_OBJC_LITERAL_CONVERSION = YES;
				CLANG_WARN_OBJC_ROOT_CLASS = YES_ERROR;
				CLANG_WARN_RANGE_LOOP_ANALYSIS = YES;
				CLANG_WARN_STRICT_PROTOTYPES = YES;
				CLANG_WARN_SUSPICIOUS_MOVE = YES;
				CLANG_WARN_UNGUARDED_AVAILABILITY = YES_AGGRESSIVE;
				CLANG_WARN_UNREACHABLE_CODE = YES;
				CLANG_WARN__DUPLICATE_METHOD_MATCH = YES;
				CODE_SIGN_IDENTITY = "iPhone Developer";
				COPY_PHASE_STRIP = NO;
				DEBUG_INFORMATION_FORMAT = dwarf;
				ENABLE_STRICT_OBJC_MSGSEND = YES;
				ENABLE_TESTABILITY = YES;
				GCC_C_LANGUAGE_STANDARD = gnu11;
				GCC_DYNAMIC_NO_PIC = NO;
				GCC_NO_COMMON_BLOCKS = YES;
				GCC_OPTIMIZATION_LEVEL = 0;
				GCC_PREPROCESSOR_DEFINITIONS = (
					"DEBUG=1",
					"$(inherited)",
				);
				GCC_WARN_64_TO_32_BIT_CONVERSION = YES;
				GCC_WARN_ABOUT_RETURN_TYPE = YES_ERROR;
				GCC_WARN_UNDECLARED_SELECTOR = YES;
				GCC_WARN_UNINITIALIZED_AUTOS = YES_AGGRESSIVE;
				GCC_WARN_UNUSED_FUNCTION = YES;
				GCC_WARN_UNUSED_VARIABLE = YES;
				IPHONEOS_DEPLOYMENT_TARGET = 11.4;
				MTL_ENABLE_DEBUG_INFO = YES;
				ONLY_ACTIVE_ARCH = YES;
				SDKROOT = iphoneos;
				SWIFT_ACTIVE_COMPILATION_CONDITIONS = DEBUG;
				SWIFT_OPTIMIZATION_LEVEL = "-Onone";
			};
			name = Debug;
		};
		F196218F20C6E54A0006D880 /* Release */ = {
			isa = XCBuildConfiguration;
			buildSettings = {
				ALWAYS_SEARCH_USER_PATHS = NO;
				CLANG_ANALYZER_NONNULL = YES;
				CLANG_ANALYZER_NUMBER_OBJECT_CONVERSION = YES_AGGRESSIVE;
				CLANG_CXX_LANGUAGE_STANDARD = "gnu++14";
				CLANG_CXX_LIBRARY = "libc++";
				CLANG_ENABLE_MODULES = YES;
				CLANG_ENABLE_OBJC_ARC = YES;
				CLANG_ENABLE_OBJC_WEAK = YES;
				CLANG_WARN_BLOCK_CAPTURE_AUTORELEASING = YES;
				CLANG_WARN_BOOL_CONVERSION = YES;
				CLANG_WARN_COMMA = YES;
				CLANG_WARN_CONSTANT_CONVERSION = YES;
				CLANG_WARN_DEPRECATED_OBJC_IMPLEMENTATIONS = YES;
				CLANG_WARN_DIRECT_OBJC_ISA_USAGE = YES_ERROR;
				CLANG_WARN_DOCUMENTATION_COMMENTS = YES;
				CLANG_WARN_EMPTY_BODY = YES;
				CLANG_WARN_ENUM_CONVERSION = YES;
				CLANG_WARN_INFINITE_RECURSION = YES;
				CLANG_WARN_INT_CONVERSION = YES;
				CLANG_WARN_NON_LITERAL_NULL_CONVERSION = YES;
				CLANG_WARN_OBJC_IMPLICIT_RETAIN_SELF = YES;
				CLANG_WARN_OBJC_LITERAL_CONVERSION = YES;
				CLANG_WARN_OBJC_ROOT_CLASS = YES_ERROR;
				CLANG_WARN_RANGE_LOOP_ANALYSIS = YES;
				CLANG_WARN_STRICT_PROTOTYPES = YES;
				CLANG_WARN_SUSPICIOUS_MOVE = YES;
				CLANG_WARN_UNGUARDED_AVAILABILITY = YES_AGGRESSIVE;
				CLANG_WARN_UNREACHABLE_CODE = YES;
				CLANG_WARN__DUPLICATE_METHOD_MATCH = YES;
				CODE_SIGN_IDENTITY = "iPhone Developer";
				COPY_PHASE_STRIP = NO;
				DEBUG_INFORMATION_FORMAT = "dwarf-with-dsym";
				ENABLE_NS_ASSERTIONS = NO;
				ENABLE_STRICT_OBJC_MSGSEND = YES;
				GCC_C_LANGUAGE_STANDARD = gnu11;
				GCC_NO_COMMON_BLOCKS = YES;
				GCC_WARN_64_TO_32_BIT_CONVERSION = YES;
				GCC_WARN_ABOUT_RETURN_TYPE = YES_ERROR;
				GCC_WARN_UNDECLARED_SELECTOR = YES;
				GCC_WARN_UNINITIALIZED_AUTOS = YES_AGGRESSIVE;
				GCC_WARN_UNUSED_FUNCTION = YES;
				GCC_WARN_UNUSED_VARIABLE = YES;
				IPHONEOS_DEPLOYMENT_TARGET = 11.4;
				MTL_ENABLE_DEBUG_INFO = NO;
				SDKROOT = iphoneos;
				SWIFT_COMPILATION_MODE = wholemodule;
				SWIFT_OPTIMIZATION_LEVEL = "-O";
				VALIDATE_PRODUCT = YES;
			};
			name = Release;
		};
		F196219120C6E54A0006D880 /* Debug */ = {
			isa = XCBuildConfiguration;
			buildSettings = {
				ASSETCATALOG_COMPILER_APPICON_NAME = AppIcon;
				CODE_SIGN_STYLE = Automatic;
				DEVELOPMENT_TEAM = 4A7L4T4PPZ;
				INFOPLIST_FILE = "guitar-repair/Info.plist";
				LD_RUNPATH_SEARCH_PATHS = (
					"$(inherited)",
					"@executable_path/Frameworks",
				);
				PRODUCT_BUNDLE_IDENTIFIER = "com.stevef..guitar-repair";
				PRODUCT_NAME = "$(TARGET_NAME)";
				SWIFT_VERSION = 4.0;
				TARGETED_DEVICE_FAMILY = "1,2";
			};
			name = Debug;
		};
		F196219220C6E54A0006D880 /* Release */ = {
			isa = XCBuildConfiguration;
			buildSettings = {
				ASSETCATALOG_COMPILER_APPICON_NAME = AppIcon;
				CODE_SIGN_STYLE = Automatic;
				DEVELOPMENT_TEAM = 4A7L4T4PPZ;
				INFOPLIST_FILE = "guitar-repair/Info.plist";
				LD_RUNPATH_SEARCH_PATHS = (
					"$(inherited)",
					"@executable_path/Frameworks",
				);
				PRODUCT_BUNDLE_IDENTIFIER = "com.stevef..guitar-repair";
				PRODUCT_NAME = "$(TARGET_NAME)";
				SWIFT_VERSION = 4.0;
				TARGETED_DEVICE_FAMILY = "1,2";
			};
			name = Release;
		};
/* End XCBuildConfiguration section */

/* Begin XCConfigurationList section */
		F196217620C6E5480006D880 /* Build configuration list for PBXProject "guitar-repair" */ = {
			isa = XCConfigurationList;
			buildConfigurations = (
				F196218E20C6E54A0006D880 /* Debug */,
				F196218F20C6E54A0006D880 /* Release */,
			);
			defaultConfigurationIsVisible = 0;
			defaultConfigurationName = Release;
		};
		F196219020C6E54A0006D880 /* Build configuration list for PBXNativeTarget "guitar-repair" */ = {
			isa = XCConfigurationList;
			buildConfigurations = (
				F196219120C6E54A0006D880 /* Debug */,
				F196219220C6E54A0006D880 /* Release */,
			);
			defaultConfigurationIsVisible = 0;
			defaultConfigurationName = Release;
		};
/* End XCConfigurationList section */

/* Begin XCVersionGroup section */
		F196218520C6E5480006D880 /* guitar_repair.xcdatamodeld */ = {
			isa = XCVersionGroup;
			children = (
				F196218620C6E5480006D880 /* guitar_repair.xcdatamodel */,
			);
			currentVersion = F196218620C6E5480006D880 /* guitar_repair.xcdatamodel */;
			path = guitar_repair.xcdatamodeld;
			sourceTree = "<group>";
			versionGroupType = wrapper.xcdatamodel;
		};
/* End XCVersionGroup section */
	};
	rootObject = F196217320C6E5480006D880 /* Project object */;
}
